
Microsoft Visual Studio Solution File, Format Version 9.00
# Visual Studio 2005
Project("{FAE04EC0-301F-11D3-BF4B-00C04F79EFBC}") = "FileUtilityTester", "FileUtilityTester\FileUtilityTester.csproj", "{E8D9918C-D5D1-4461-9422-5E7B21CFF3C5}"
EndProject
Project("{FAE04EC0-301F-11D3-BF4B-00C04F79EFBC}") = "Tests", "Tests\Tests.csproj", "{C09A3325-7DDA-4A24-901A-35EE3B77A11A}"
EndProject
Global
	GlobalSection(SolutionConfigurationPlatforms) = preSolution
		Debug|Any CPU = Debug|Any CPU
	EndGlobalSection
	GlobalSection(ProjectConfigurationPlatforms) = postSolution
		{E8D9918C-D5D1-4461-9422-5E7B21CFF3C5}.Debug|Any CPU.ActiveCfg = Debug|Any CPU
		{C09A3325-7DDA-4A24-901A-35EE3B77A11A}.Debug|Any CPU.ActiveCfg = Debug|Any CPU
	EndGlobalSection
	GlobalSection(SolutionProperties) = preSolution
		HideSolutionNode = FALSE
	EndGlobalSection
EndGlobal
