
Microsoft Visual Studio Solution File, Format Version 9.00
# Visual Studio 2005
Project("{FAE04EC0-301F-11D3-BF4B-00C04F79EFBC}") = "Backup", "Backup\Backup.csproj", "{DAF5D1D9-30EE-4AB9-8822-2D3E77657E34}"
EndProject
Project("{FAE04EC0-301F-11D3-BF4B-00C04F79EFBC}") = "RemoteDriveAuth", "RemoteDriveAuth\RemoteDriveAuth.csproj", "{121CC545-9787-4A6C-988C-F50763264936}"
EndProject
Global
	GlobalSection(SolutionConfigurationPlatforms) = preSolution
		Debug|Any CPU = Debug|Any CPU
		Release|Any CPU = Release|Any CPU
	EndGlobalSection
	GlobalSection(ProjectConfigurationPlatforms) = postSolution
		{DAF5D1D9-30EE-4AB9-8822-2D3E77657E34}.Debug|Any CPU.ActiveCfg = Debug|Any CPU
		{DAF5D1D9-30EE-4AB9-8822-2D3E77657E34}.Debug|Any CPU.Build.0 = Debug|Any CPU
		{DAF5D1D9-30EE-4AB9-8822-2D3E77657E34}.Release|Any CPU.ActiveCfg = Release|Any CPU
		{DAF5D1D9-30EE-4AB9-8822-2D3E77657E34}.Release|Any CPU.Build.0 = Release|Any CPU
		{121CC545-9787-4A6C-988C-F50763264936}.Debug|Any CPU.ActiveCfg = Debug|Any CPU
		{121CC545-9787-4A6C-988C-F50763264936}.Debug|Any CPU.Build.0 = Debug|Any CPU
		{121CC545-9787-4A6C-988C-F50763264936}.Release|Any CPU.ActiveCfg = Release|Any CPU
		{121CC545-9787-4A6C-988C-F50763264936}.Release|Any CPU.Build.0 = Release|Any CPU
	EndGlobalSection
	GlobalSection(SolutionProperties) = preSolution
		HideSolutionNode = FALSE
	EndGlobalSection
EndGlobal
